
Microsoft Visual Studio Solution File, Format Version 12.00
# Visual Studio Version 17
VisualStudioVersion = 17.4.33205.214
MinimumVisualStudioVersion = 10.0.40219.1
Project("{FAE04EC0-301F-11D3-BF4B-00C04F79EFBC}") = "WarriorWars", "WarriorWars\WarriorWars.csproj", "{8A9664B4-B190-4817-8DAA-77C2031B8C09}"
EndProject
Global
	GlobalSection(SolutionConfigurationPlatforms) = preSolution
		Debug|Any CPU = Debug|Any CPU
		Release|Any CPU = Release|Any CPU
	EndGlobalSection
	GlobalSection(ProjectConfigurationPlatforms) = postSolution
		{8A9664B4-B190-4817-8DAA-77C2031B8C09}.Debug|Any CPU.ActiveCfg = Debug|Any CPU
		{8A9664B4-B190-4817-8DAA-77C2031B8C09}.Debug|Any CPU.Build.0 = Debug|Any CPU
		{8A9664B4-B190-4817-8DAA-77C2031B8C09}.Release|Any CPU.ActiveCfg = Release|Any CPU
		{8A9664B4-B190-4817-8DAA-77C2031B8C09}.Release|Any CPU.Build.0 = Release|Any CPU
	EndGlobalSection
	GlobalSection(SolutionProperties) = preSolution
		HideSolutionNode = FALSE
	EndGlobalSection
	GlobalSection(ExtensibilityGlobals) = postSolution
		SolutionGuid = {AF2CC285-023B-4C70-AF92-C65EAAAE9626}
	EndGlobalSection
EndGlobal
